{
  "nodes": {
    "nixpkgs": {
      "locked": {
        "lastModified": 1701776539,
        "narHash": "sha256-2831SMBhwuuj0NyL8+VK8woPnxi78lIc3/53rOVAzZk=",
        "owner": "NixOS",
        "repo": "nixpkgs",
        "rev": "2aa67111a851c1ff1f9cfb070ab1d4568e7764a5",
        "type": "github"
      },
      "original": {
        "owner": "NixOS",
        "repo": "nixpkgs",
        "type": "github"
      }
    },
    "root": {
      "inputs": {
        "nixpkgs": "nixpkgs"
      }
    }
  },
  "root": "root",
  "version": 7
}
