{
  "nodes": {
    "nixpkgs": {
      "locked": {
        "lastModified": 1718048505,
        "narHash": "sha256-CUxfHncUZeV2PoV6phhuFbF7vS2zXOERmaG1dqejl5k=",
        "owner": "NixOS",
        "repo": "nixpkgs",
        "rev": "47e938c5947f97d6f9286e99d620b10169dfa7f1",
        "type": "github"
      },
      "original": {
        "owner": "NixOS",
        "repo": "nixpkgs",
        "type": "github"
      }
    },
    "root": {
      "inputs": {
        "nixpkgs": "nixpkgs"
      }
    }
  },
  "root": "root",
  "version": 7
}
